
Microsoft Visual Studio Solution File, Format Version 12.00
# Visual Studio Version 17
VisualStudioVersion = 17.11.35208.52
MinimumVisualStudioVersion = 10.0.40219.1
Project("{9A19103F-16F7-4668-BE54-9A1E7A4F7556}") = "11LabsFunctionApp", "11LabsFunctionApp.csproj", "{0BB2754D-6FDF-4805-9CDC-3B0A701FF39F}"
EndProject
Global
	GlobalSection(SolutionConfigurationPlatforms) = preSolution
		Debug|Any CPU = Debug|Any CPU
		Release|Any CPU = Release|Any CPU
	EndGlobalSection
	GlobalSection(ProjectConfigurationPlatforms) = postSolution
		{0BB2754D-6FDF-4805-9CDC-3B0A701FF39F}.Debug|Any CPU.ActiveCfg = Debug|Any CPU
		{0BB2754D-6FDF-4805-9CDC-3B0A701FF39F}.Debug|Any CPU.Build.0 = Debug|Any CPU
		{0BB2754D-6FDF-4805-9CDC-3B0A701FF39F}.Release|Any CPU.ActiveCfg = Release|Any CPU
		{0BB2754D-6FDF-4805-9CDC-3B0A701FF39F}.Release|Any CPU.Build.0 = Release|Any CPU
	EndGlobalSection
	GlobalSection(SolutionProperties) = preSolution
		HideSolutionNode = FALSE
	EndGlobalSection
	GlobalSection(ExtensibilityGlobals) = postSolution
		SolutionGuid = {7C7DE4AC-77C5-458D-A233-685A8B7432D5}
	EndGlobalSection
EndGlobal
